// !$*UTF8*$!
{
	archiveVersion = 1;
	classes = {
	};
	objectVersion = 55;
	objects = {

/* Begin PBXBuildFile section */
		06799FF22863000900B4FC7E /* Colors.xcassets in Resources */ = {isa = PBXBuildFile; fileRef = 06799FF12863000900B4FC7E /* Colors.xcassets */; };
		06799FF42863009800B4FC7E /* CategoriesButton.swift in Sources */ = {isa = PBXBuildFile; fileRef = 06799FF32863009800B4FC7E /* CategoriesButton.swift */; };
		06799FF6286300DF00B4FC7E /* ColorManager.swift in Sources */ = {isa = PBXBuildFile; fileRef = 06799FF5286300DF00B4FC7E /* ColorManager.swift */; };
		06799FF82863013A00B4FC7E /* ListCategories.swift in Sources */ = {isa = PBXBuildFile; fileRef = 06799FF72863013A00B4FC7E /* ListCategories.swift */; };
		A909689E2867366D002FDCFA /* YukCobaLagi.m4a in Resources */ = {isa = PBXBuildFile; fileRef = A909689D2867366D002FDCFA /* YukCobaLagi.m4a */; };
		A90968A0286845A1002FDCFA /* SekaliLagi.m4a in Resources */ = {isa = PBXBuildFile; fileRef = A909689F286845A1002FDCFA /* SekaliLagi.m4a */; };
		A90968B0286AAA0B002FDCFA /* Giliranmu.m4a in Resources */ = {isa = PBXBuildFile; fileRef = A90968AF286AAA0B002FDCFA /* Giliranmu.m4a */; };
		A91D294C2865CCE900C26EF0 /* AudioPlayerObserver.swift in Sources */ = {isa = PBXBuildFile; fileRef = A91D294B2865CCE900C26EF0 /* AudioPlayerObserver.swift */; };
		C506166828508C0A002F9E3A /* ArtikulataApp.swift in Sources */ = {isa = PBXBuildFile; fileRef = C506166728508C0A002F9E3A /* ArtikulataApp.swift */; };
		C506166A28508C0A002F9E3A /* ListWordView.swift in Sources */ = {isa = PBXBuildFile; fileRef = C506166928508C0A002F9E3A /* ListWordView.swift */; };
		C506166C28508C0B002F9E3A /* Assets.xcassets in Resources */ = {isa = PBXBuildFile; fileRef = C506166B28508C0B002F9E3A /* Assets.xcassets */; };
		C506166F28508C0B002F9E3A /* Preview Assets.xcassets in Resources */ = {isa = PBXBuildFile; fileRef = C506166E28508C0B002F9E3A /* Preview Assets.xcassets */; };
		C506167128508C0B002F9E3A /* Persistence.swift in Sources */ = {isa = PBXBuildFile; fileRef = C506167028508C0B002F9E3A /* Persistence.swift */; };
		C506167428508C0B002F9E3A /* Artikulata.xcdatamodeld in Sources */ = {isa = PBXBuildFile; fileRef = C506167228508C0B002F9E3A /* Artikulata.xcdatamodeld */; };
		C506167E28508C0B002F9E3A /* ArtikulataTests.swift in Sources */ = {isa = PBXBuildFile; fileRef = C506167D28508C0B002F9E3A /* ArtikulataTests.swift */; };
		C506168828508C0B002F9E3A /* ArtikulataUITests.swift in Sources */ = {isa = PBXBuildFile; fileRef = C506168728508C0B002F9E3A /* ArtikulataUITests.swift */; };
		C506168A28508C0B002F9E3A /* ArtikulataUITestsLaunchTests.swift in Sources */ = {isa = PBXBuildFile; fileRef = C506168928508C0B002F9E3A /* ArtikulataUITestsLaunchTests.swift */; };
		C5AF21D928630B58002AEAA7 /* AudioStreamManager.swift in Sources */ = {isa = PBXBuildFile; fileRef = C5AF21D828630B58002AEAA7 /* AudioStreamManager.swift */; };
		C5AF21DE28630C00002AEAA7 /* KataSifatModel.mlmodel in Sources */ = {isa = PBXBuildFile; fileRef = C5AF21DB28630C00002AEAA7 /* KataSifatModel.mlmodel */; };
		C5AF21DF28630C00002AEAA7 /* KataBendaModel.mlmodel in Sources */ = {isa = PBXBuildFile; fileRef = C5AF21DC28630C00002AEAA7 /* KataBendaModel.mlmodel */; };
		C5AF21E028630C00002AEAA7 /* KataKerjaModel.mlmodel in Sources */ = {isa = PBXBuildFile; fileRef = C5AF21DD28630C00002AEAA7 /* KataKerjaModel.mlmodel */; };
		C5AF21E228630D0F002AEAA7 /* SoundAnalyzerObserver.swift in Sources */ = {isa = PBXBuildFile; fileRef = C5AF21E128630D0F002AEAA7 /* SoundAnalyzerObserver.swift */; };
		C5AF21E628631098002AEAA7 /* VideoStatusObserver.swift in Sources */ = {isa = PBXBuildFile; fileRef = C5AF21E528631098002AEAA7 /* VideoStatusObserver.swift */; };
		C5AF21E8286311BC002AEAA7 /* CompletionView.swift in Sources */ = {isa = PBXBuildFile; fileRef = C5AF21E7286311BC002AEAA7 /* CompletionView.swift */; };
		C5AF21EA2863449D002AEAA7 /* Words.swift in Sources */ = {isa = PBXBuildFile; fileRef = C5AF21E92863449D002AEAA7 /* Words.swift */; };
		C5AF21EC28634AD2002AEAA7 /* view-hidden.swift in Sources */ = {isa = PBXBuildFile; fileRef = C5AF21EB28634AD2002AEAA7 /* view-hidden.swift */; };
		C5AF21F0286354F9002AEAA7 /* Constant.swift in Sources */ = {isa = PBXBuildFile; fileRef = C5AF21EF286354F9002AEAA7 /* Constant.swift */; };
		DC7082A32858C8670033B3E9 /* FredokaOne-Regular.ttf in Resources */ = {isa = PBXBuildFile; fileRef = DC7082A22858C8670033B3E9 /* FredokaOne-Regular.ttf */; };
		DC7082A62858ED370033B3E9 /* FontView.swift in Sources */ = {isa = PBXBuildFile; fileRef = DC7082A52858ED370033B3E9 /* FontView.swift */; };
		DC7082A82858EFD30033B3E9 /* WordImageView.swift in Sources */ = {isa = PBXBuildFile; fileRef = DC7082A72858EFD30033B3E9 /* WordImageView.swift */; };
		DCAA1C522862D56000B5482F /* Sedih.MOV in Resources */ = {isa = PBXBuildFile; fileRef = DCAA1C512862D56000B5482F /* Sedih.MOV */; };
		DCAA1C542862D56600B5482F /* Senang.MOV in Resources */ = {isa = PBXBuildFile; fileRef = DCAA1C532862D56600B5482F /* Senang.MOV */; };
		DCAA1C562862D6A700B5482F /* Marah.MOV in Resources */ = {isa = PBXBuildFile; fileRef = DCAA1C552862D6A700B5482F /* Marah.MOV */; };
		DCAA1C5A2862D7A200B5482F /* Baju.MOV in Resources */ = {isa = PBXBuildFile; fileRef = DCAA1C572862D7A200B5482F /* Baju.MOV */; };
		DCAA1C5B2862D7A200B5482F /* Bangku.MOV in Resources */ = {isa = PBXBuildFile; fileRef = DCAA1C582862D7A200B5482F /* Bangku.MOV */; };
		DCAA1C5C2862D7A200B5482F /* Celana.MOV in Resources */ = {isa = PBXBuildFile; fileRef = DCAA1C592862D7A200B5482F /* Celana.MOV */; };
		DCAA1C5E2862D7B400B5482F /* Minum.MOV in Resources */ = {isa = PBXBuildFile; fileRef = DCAA1C5D2862D7B400B5482F /* Minum.MOV */; };
		DCAA1C612862D7CC00B5482F /* Tidur.MOV in Resources */ = {isa = PBXBuildFile; fileRef = DCAA1C5F2862D7CC00B5482F /* Tidur.MOV */; };
		DCAA1C622862D7CC00B5482F /* Makan.MOV in Resources */ = {isa = PBXBuildFile; fileRef = DCAA1C602862D7CC00B5482F /* Makan.MOV */; };
		DCBB2F322861EDE9002B353D /* VideoSpeechView.swift in Sources */ = {isa = PBXBuildFile; fileRef = DCBB2F312861EDE9002B353D /* VideoSpeechView.swift */; };
		DCE19437285B916900673946 /* BackButtonView.swift in Sources */ = {isa = PBXBuildFile; fileRef = DCE19436285B916900673946 /* BackButtonView.swift */; };
/* End PBXBuildFile section */

/* Begin PBXContainerItemProxy section */
		C506167A28508C0B002F9E3A /* PBXContainerItemProxy */ = {
			isa = PBXContainerItemProxy;
			containerPortal = C506165C28508C0A002F9E3A /* Project object */;
			proxyType = 1;
			remoteGlobalIDString = C506166328508C0A002F9E3A;
			remoteInfo = Artikulata;
		};
		C506168428508C0B002F9E3A /* PBXContainerItemProxy */ = {
			isa = PBXContainerItemProxy;
			containerPortal = C506165C28508C0A002F9E3A /* Project object */;
			proxyType = 1;
			remoteGlobalIDString = C506166328508C0A002F9E3A;
			remoteInfo = Artikulata;
		};
/* End PBXContainerItemProxy section */

/* Begin PBXFileReference section */
		06799FF12863000900B4FC7E /* Colors.xcassets */ = {isa = PBXFileReference; lastKnownFileType = folder.assetcatalog; path = Colors.xcassets; sourceTree = "<group>"; };
		06799FF32863009800B4FC7E /* CategoriesButton.swift */ = {isa = PBXFileReference; lastKnownFileType = sourcecode.swift; path = CategoriesButton.swift; sourceTree = "<group>"; };
		06799FF5286300DF00B4FC7E /* ColorManager.swift */ = {isa = PBXFileReference; lastKnownFileType = sourcecode.swift; path = ColorManager.swift; sourceTree = "<group>"; };
		06799FF72863013A00B4FC7E /* ListCategories.swift */ = {isa = PBXFileReference; lastKnownFileType = sourcecode.swift; path = ListCategories.swift; sourceTree = "<group>"; };
		A909689D2867366D002FDCFA /* YukCobaLagi.m4a */ = {isa = PBXFileReference; lastKnownFileType = file; path = YukCobaLagi.m4a; sourceTree = "<group>"; };
		A909689F286845A1002FDCFA /* SekaliLagi.m4a */ = {isa = PBXFileReference; lastKnownFileType = file; path = SekaliLagi.m4a; sourceTree = "<group>"; };
		A90968AF286AAA0B002FDCFA /* Giliranmu.m4a */ = {isa = PBXFileReference; lastKnownFileType = file; path = Giliranmu.m4a; sourceTree = "<group>"; };
		A91D294B2865CCE900C26EF0 /* AudioPlayerObserver.swift */ = {isa = PBXFileReference; lastKnownFileType = sourcecode.swift; path = AudioPlayerObserver.swift; sourceTree = "<group>"; };
		C506166428508C0A002F9E3A /* Artikulata.app */ = {isa = PBXFileReference; explicitFileType = wrapper.application; includeInIndex = 0; path = Artikulata.app; sourceTree = BUILT_PRODUCTS_DIR; };
		C506166728508C0A002F9E3A /* ArtikulataApp.swift */ = {isa = PBXFileReference; lastKnownFileType = sourcecode.swift; path = ArtikulataApp.swift; sourceTree = "<group>"; };
		C506166928508C0A002F9E3A /* ListWordView.swift */ = {isa = PBXFileReference; lastKnownFileType = sourcecode.swift; path = ListWordView.swift; sourceTree = "<group>"; };
		C506166B28508C0B002F9E3A /* Assets.xcassets */ = {isa = PBXFileReference; lastKnownFileType = folder.assetcatalog; path = Assets.xcassets; sourceTree = "<group>"; };
		C506166E28508C0B002F9E3A /* Preview Assets.xcassets */ = {isa = PBXFileReference; lastKnownFileType = folder.assetcatalog; path = "Preview Assets.xcassets"; sourceTree = "<group>"; };
		C506167028508C0B002F9E3A /* Persistence.swift */ = {isa = PBXFileReference; lastKnownFileType = sourcecode.swift; path = Persistence.swift; sourceTree = "<group>"; };
		C506167328508C0B002F9E3A /* Artikulata.xcdatamodel */ = {isa = PBXFileReference; lastKnownFileType = wrapper.xcdatamodel; path = Artikulata.xcdatamodel; sourceTree = "<group>"; };
		C506167928508C0B002F9E3A /* ArtikulataTests.xctest */ = {isa = PBXFileReference; explicitFileType = wrapper.cfbundle; includeInIndex = 0; path = ArtikulataTests.xctest; sourceTree = BUILT_PRODUCTS_DIR; };
		C506167D28508C0B002F9E3A /* ArtikulataTests.swift */ = {isa = PBXFileReference; lastKnownFileType = sourcecode.swift; path = ArtikulataTests.swift; sourceTree = "<group>"; };
		C506168328508C0B002F9E3A /* ArtikulataUITests.xctest */ = {isa = PBXFileReference; explicitFileType = wrapper.cfbundle; includeInIndex = 0; path = ArtikulataUITests.xctest; sourceTree = BUILT_PRODUCTS_DIR; };
		C506168728508C0B002F9E3A /* ArtikulataUITests.swift */ = {isa = PBXFileReference; lastKnownFileType = sourcecode.swift; path = ArtikulataUITests.swift; sourceTree = "<group>"; };
		C506168928508C0B002F9E3A /* ArtikulataUITestsLaunchTests.swift */ = {isa = PBXFileReference; lastKnownFileType = sourcecode.swift; path = ArtikulataUITestsLaunchTests.swift; sourceTree = "<group>"; };
		C5AF21D828630B58002AEAA7 /* AudioStreamManager.swift */ = {isa = PBXFileReference; lastKnownFileType = sourcecode.swift; path = AudioStreamManager.swift; sourceTree = "<group>"; };
		C5AF21DB28630C00002AEAA7 /* KataSifatModel.mlmodel */ = {isa = PBXFileReference; lastKnownFileType = file.mlmodel; path = KataSifatModel.mlmodel; sourceTree = "<group>"; };
		C5AF21DC28630C00002AEAA7 /* KataBendaModel.mlmodel */ = {isa = PBXFileReference; lastKnownFileType = file.mlmodel; path = KataBendaModel.mlmodel; sourceTree = "<group>"; };
		C5AF21DD28630C00002AEAA7 /* KataKerjaModel.mlmodel */ = {isa = PBXFileReference; lastKnownFileType = file.mlmodel; path = KataKerjaModel.mlmodel; sourceTree = "<group>"; };
		C5AF21E128630D0F002AEAA7 /* SoundAnalyzerObserver.swift */ = {isa = PBXFileReference; lastKnownFileType = sourcecode.swift; path = SoundAnalyzerObserver.swift; sourceTree = "<group>"; };
		C5AF21E528631098002AEAA7 /* VideoStatusObserver.swift */ = {isa = PBXFileReference; lastKnownFileType = sourcecode.swift; path = VideoStatusObserver.swift; sourceTree = "<group>"; };
		C5AF21E7286311BC002AEAA7 /* CompletionView.swift */ = {isa = PBXFileReference; lastKnownFileType = sourcecode.swift; path = CompletionView.swift; sourceTree = "<group>"; };
		C5AF21E92863449D002AEAA7 /* Words.swift */ = {isa = PBXFileReference; lastKnownFileType = sourcecode.swift; path = Words.swift; sourceTree = "<group>"; };
		C5AF21EB28634AD2002AEAA7 /* view-hidden.swift */ = {isa = PBXFileReference; lastKnownFileType = sourcecode.swift; path = "view-hidden.swift"; sourceTree = "<group>"; };
		C5AF21EF286354F9002AEAA7 /* Constant.swift */ = {isa = PBXFileReference; lastKnownFileType = sourcecode.swift; path = Constant.swift; sourceTree = "<group>"; };
		DC70829F2858C7B50033B3E9 /* Info.plist */ = {isa = PBXFileReference; lastKnownFileType = text.plist; path = Info.plist; sourceTree = "<group>"; };
		DC7082A22858C8670033B3E9 /* FredokaOne-Regular.ttf */ = {isa = PBXFileReference; lastKnownFileType = file; path = "FredokaOne-Regular.ttf"; sourceTree = "<group>"; };
		DC7082A52858ED370033B3E9 /* FontView.swift */ = {isa = PBXFileReference; lastKnownFileType = sourcecode.swift; path = FontView.swift; sourceTree = "<group>"; };
		DC7082A72858EFD30033B3E9 /* WordImageView.swift */ = {isa = PBXFileReference; lastKnownFileType = sourcecode.swift; path = WordImageView.swift; sourceTree = "<group>"; };
		DCAA1C512862D56000B5482F /* Sedih.MOV */ = {isa = PBXFileReference; lastKnownFileType = video.quicktime; path = Sedih.MOV; sourceTree = "<group>"; };
		DCAA1C532862D56600B5482F /* Senang.MOV */ = {isa = PBXFileReference; lastKnownFileType = video.quicktime; path = Senang.MOV; sourceTree = "<group>"; };
		DCAA1C552862D6A700B5482F /* Marah.MOV */ = {isa = PBXFileReference; lastKnownFileType = video.quicktime; path = Marah.MOV; sourceTree = "<group>"; };
		DCAA1C572862D7A200B5482F /* Baju.MOV */ = {isa = PBXFileReference; lastKnownFileType = video.quicktime; path = Baju.MOV; sourceTree = "<group>"; };
		DCAA1C582862D7A200B5482F /* Bangku.MOV */ = {isa = PBXFileReference; lastKnownFileType = video.quicktime; path = Bangku.MOV; sourceTree = "<group>"; };
		DCAA1C592862D7A200B5482F /* Celana.MOV */ = {isa = PBXFileReference; lastKnownFileType = video.quicktime; path = Celana.MOV; sourceTree = "<group>"; };
		DCAA1C5D2862D7B400B5482F /* Minum.MOV */ = {isa = PBXFileReference; lastKnownFileType = video.quicktime; path = Minum.MOV; sourceTree = "<group>"; };
		DCAA1C5F2862D7CC00B5482F /* Tidur.MOV */ = {isa = PBXFileReference; lastKnownFileType = video.quicktime; path = Tidur.MOV; sourceTree = "<group>"; };
		DCAA1C602862D7CC00B5482F /* Makan.MOV */ = {isa = PBXFileReference; lastKnownFileType = video.quicktime; path = Makan.MOV; sourceTree = "<group>"; };
		DCBB2F312861EDE9002B353D /* VideoSpeechView.swift */ = {isa = PBXFileReference; lastKnownFileType = sourcecode.swift; path = VideoSpeechView.swift; sourceTree = "<group>"; };
		DCE19436285B916900673946 /* BackButtonView.swift */ = {isa = PBXFileReference; lastKnownFileType = sourcecode.swift; path = BackButtonView.swift; sourceTree = "<group>"; };
/* End PBXFileReference section */

/* Begin PBXFrameworksBuildPhase section */
		C506166128508C0A002F9E3A /* Frameworks */ = {
			isa = PBXFrameworksBuildPhase;
			buildActionMask = 2147483647;
			files = (
			);
			runOnlyForDeploymentPostprocessing = 0;
		};
		C506167628508C0B002F9E3A /* Frameworks */ = {
			isa = PBXFrameworksBuildPhase;
			buildActionMask = 2147483647;
			files = (
			);
			runOnlyForDeploymentPostprocessing = 0;
		};
		C506168028508C0B002F9E3A /* Frameworks */ = {
			isa = PBXFrameworksBuildPhase;
			buildActionMask = 2147483647;
			files = (
			);
			runOnlyForDeploymentPostprocessing = 0;
		};
/* End PBXFrameworksBuildPhase section */

/* Begin PBXGroup section */
		06799FF02862FFFC00B4FC7E /* Colors */ = {
			isa = PBXGroup;
			children = (
				06799FF12863000900B4FC7E /* Colors.xcassets */,
				06799FF5286300DF00B4FC7E /* ColorManager.swift */,
			);
			path = Colors;
			sourceTree = "<group>";
		};
		C506165B28508C0A002F9E3A = {
			isa = PBXGroup;
			children = (
				C506166628508C0A002F9E3A /* Artikulata */,
				C506167C28508C0B002F9E3A /* ArtikulataTests */,
				C506168628508C0B002F9E3A /* ArtikulataUITests */,
				C506166528508C0A002F9E3A /* Products */,
			);
			sourceTree = "<group>";
		};
		C506166528508C0A002F9E3A /* Products */ = {
			isa = PBXGroup;
			children = (
				C506166428508C0A002F9E3A /* Artikulata.app */,
				C506167928508C0B002F9E3A /* ArtikulataTests.xctest */,
				C506168328508C0B002F9E3A /* ArtikulataUITests.xctest */,
			);
			name = Products;
			sourceTree = "<group>";
		};
		C506166628508C0A002F9E3A /* Artikulata */ = {
			isa = PBXGroup;
			children = (
				C5AF21F1286355FD002AEAA7 /* Utilities */,
				C5AF21E428630E5A002AEAA7 /* Observers */,
				C5AF21E328630E36002AEAA7 /* AudioStream */,
				C5AF21DA28630BD8002AEAA7 /* MLModels */,
				DCBB2F332861EE46002B353D /* Media */,
				DC7082A02858C81E0033B3E9 /* Themes */,
				DCBB2F382861F76D002B353D /* Views */,
				DC70829F2858C7B50033B3E9 /* Info.plist */,
				C506166728508C0A002F9E3A /* ArtikulataApp.swift */,
				C506166B28508C0B002F9E3A /* Assets.xcassets */,
				C506167028508C0B002F9E3A /* Persistence.swift */,
				C506167228508C0B002F9E3A /* Artikulata.xcdatamodeld */,
				C506166D28508C0B002F9E3A /* Preview Content */,
			);
			path = Artikulata;
			sourceTree = "<group>";
		};
		C506166D28508C0B002F9E3A /* Preview Content */ = {
			isa = PBXGroup;
			children = (
				C506166E28508C0B002F9E3A /* Preview Assets.xcassets */,
			);
			path = "Preview Content";
			sourceTree = "<group>";
		};
		C506167C28508C0B002F9E3A /* ArtikulataTests */ = {
			isa = PBXGroup;
			children = (
				C506167D28508C0B002F9E3A /* ArtikulataTests.swift */,
			);
			path = ArtikulataTests;
			sourceTree = "<group>";
		};
		C506168628508C0B002F9E3A /* ArtikulataUITests */ = {
			isa = PBXGroup;
			children = (
				C506168728508C0B002F9E3A /* ArtikulataUITests.swift */,
				C506168928508C0B002F9E3A /* ArtikulataUITestsLaunchTests.swift */,
			);
			path = ArtikulataUITests;
			sourceTree = "<group>";
		};
		C5AF21DA28630BD8002AEAA7 /* MLModels */ = {
			isa = PBXGroup;
			children = (
				C5AF21DC28630C00002AEAA7 /* KataBendaModel.mlmodel */,
				C5AF21DD28630C00002AEAA7 /* KataKerjaModel.mlmodel */,
				C5AF21DB28630C00002AEAA7 /* KataSifatModel.mlmodel */,
			);
			path = MLModels;
			sourceTree = "<group>";
		};
		C5AF21E328630E36002AEAA7 /* AudioStream */ = {
			isa = PBXGroup;
			children = (
				C5AF21D828630B58002AEAA7 /* AudioStreamManager.swift */,
			);
			path = AudioStream;
			sourceTree = "<group>";
		};
		C5AF21E428630E5A002AEAA7 /* Observers */ = {
			isa = PBXGroup;
			children = (
				C5AF21E128630D0F002AEAA7 /* SoundAnalyzerObserver.swift */,
				C5AF21E528631098002AEAA7 /* VideoStatusObserver.swift */,
				A91D294B2865CCE900C26EF0 /* AudioPlayerObserver.swift */,
			);
			path = Observers;
			sourceTree = "<group>";
		};
		C5AF21F1286355FD002AEAA7 /* Utilities */ = {
			isa = PBXGroup;
			children = (
				C5AF21F428635722002AEAA7 /* Constants */,
				C5AF21F328635631002AEAA7 /* Extension */,
			);
			path = Utilities;
			sourceTree = "<group>";
		};
		C5AF21F328635631002AEAA7 /* Extension */ = {
			isa = PBXGroup;
			children = (
				C5AF21EB28634AD2002AEAA7 /* view-hidden.swift */,
			);
			path = Extension;
			sourceTree = "<group>";
		};
		C5AF21F428635722002AEAA7 /* Constants */ = {
			isa = PBXGroup;
			children = (
				C5AF21E92863449D002AEAA7 /* Words.swift */,
				C5AF21EF286354F9002AEAA7 /* Constant.swift */,
			);
			path = Constants;
			sourceTree = "<group>";
		};
		DC7082A02858C81E0033B3E9 /* Themes */ = {
			isa = PBXGroup;
			children = (
				06799FF02862FFFC00B4FC7E /* Colors */,
				DC7082A12858C8370033B3E9 /* Font */,
				DC7082A42858ECBF0033B3E9 /* UI */,
			);
			path = Themes;
			sourceTree = "<group>";
		};
		DC7082A12858C8370033B3E9 /* Font */ = {
			isa = PBXGroup;
			children = (
				DC7082A22858C8670033B3E9 /* FredokaOne-Regular.ttf */,
			);
			path = Font;
			sourceTree = "<group>";
		};
		DC7082A42858ECBF0033B3E9 /* UI */ = {
			isa = PBXGroup;
			children = (
				DC7082A52858ED370033B3E9 /* FontView.swift */,
				DC7082A72858EFD30033B3E9 /* WordImageView.swift */,
				DCE19436285B916900673946 /* BackButtonView.swift */,
				06799FF32863009800B4FC7E /* CategoriesButton.swift */,
			);
			path = UI;
			sourceTree = "<group>";
		};
		DCBB2F332861EE46002B353D /* Media */ = {
			isa = PBXGroup;
			children = (
				DCBB2F372861EE63002B353D /* Audio */,
				DCBB2F342861EE4D002B353D /* Video */,
			);
			path = Media;
			sourceTree = "<group>";
		};
		DCBB2F342861EE4D002B353D /* Video */ = {
			isa = PBXGroup;
			children = (
				DCAA1C552862D6A700B5482F /* Marah.MOV */,
				DCAA1C512862D56000B5482F /* Sedih.MOV */,
				DCAA1C532862D56600B5482F /* Senang.MOV */,
				DCAA1C602862D7CC00B5482F /* Makan.MOV */,
				DCAA1C5F2862D7CC00B5482F /* Tidur.MOV */,
				DCAA1C572862D7A200B5482F /* Baju.MOV */,
				DCAA1C582862D7A200B5482F /* Bangku.MOV */,
				DCAA1C592862D7A200B5482F /* Celana.MOV */,
				DCAA1C5D2862D7B400B5482F /* Minum.MOV */,
			);
			path = Video;
			sourceTree = "<group>";
		};
		DCBB2F372861EE63002B353D /* Audio */ = {
			isa = PBXGroup;
			children = (
				A909689F286845A1002FDCFA /* SekaliLagi.m4a */,
				A90968AF286AAA0B002FDCFA /* Giliranmu.m4a */,
				A909689D2867366D002FDCFA /* YukCobaLagi.m4a */,
			);
			path = Audio;
			sourceTree = "<group>";
		};
		DCBB2F382861F76D002B353D /* Views */ = {
			isa = PBXGroup;
			children = (
				DCBB2F312861EDE9002B353D /* VideoSpeechView.swift */,
				C506166928508C0A002F9E3A /* ListWordView.swift */,
				06799FF72863013A00B4FC7E /* ListCategories.swift */,
				C5AF21E7286311BC002AEAA7 /* CompletionView.swift */,
			);
			path = Views;
			sourceTree = "<group>";
		};
/* End PBXGroup section */

/* Begin PBXNativeTarget section */
		C506166328508C0A002F9E3A /* Artikulata */ = {
			isa = PBXNativeTarget;
			buildConfigurationList = C506168D28508C0B002F9E3A /* Build configuration list for PBXNativeTarget "Artikulata" */;
			buildPhases = (
				C506166028508C0A002F9E3A /* Sources */,
				C506166128508C0A002F9E3A /* Frameworks */,
				C506166228508C0A002F9E3A /* Resources */,
			);
			buildRules = (
			);
			dependencies = (
			);
			name = Artikulata;
			productName = Artikulata;
			productReference = C506166428508C0A002F9E3A /* Artikulata.app */;
			productType = "com.apple.product-type.application";
		};
		C506167828508C0B002F9E3A /* ArtikulataTests */ = {
			isa = PBXNativeTarget;
			buildConfigurationList = C506169028508C0B002F9E3A /* Build configuration list for PBXNativeTarget "ArtikulataTests" */;
			buildPhases = (
				C506167528508C0B002F9E3A /* Sources */,
				C506167628508C0B002F9E3A /* Frameworks */,
				C506167728508C0B002F9E3A /* Resources */,
			);
			buildRules = (
			);
			dependencies = (
				C506167B28508C0B002F9E3A /* PBXTargetDependency */,
			);
			name = ArtikulataTests;
			productName = ArtikulataTests;
			productReference = C506167928508C0B002F9E3A /* ArtikulataTests.xctest */;
			productType = "com.apple.product-type.bundle.unit-test";
		};
		C506168228508C0B002F9E3A /* ArtikulataUITests */ = {
			isa = PBXNativeTarget;
			buildConfigurationList = C506169328508C0B002F9E3A /* Build configuration list for PBXNativeTarget "ArtikulataUITests" */;
			buildPhases = (
				C506167F28508C0B002F9E3A /* Sources */,
				C506168028508C0B002F9E3A /* Frameworks */,
				C506168128508C0B002F9E3A /* Resources */,
			);
			buildRules = (
			);
			dependencies = (
				C506168528508C0B002F9E3A /* PBXTargetDependency */,
			);
			name = ArtikulataUITests;
			productName = ArtikulataUITests;
			productReference = C506168328508C0B002F9E3A /* ArtikulataUITests.xctest */;
			productType = "com.apple.product-type.bundle.ui-testing";
		};
/* End PBXNativeTarget section */

/* Begin PBXProject section */
		C506165C28508C0A002F9E3A /* Project object */ = {
			isa = PBXProject;
			attributes = {
				BuildIndependentTargetsInParallel = 1;
				LastSwiftUpdateCheck = 1340;
				LastUpgradeCheck = 1340;
				TargetAttributes = {
					C506166328508C0A002F9E3A = {
						CreatedOnToolsVersion = 13.4.1;
					};
					C506167828508C0B002F9E3A = {
						CreatedOnToolsVersion = 13.4.1;
						TestTargetID = C506166328508C0A002F9E3A;
					};
					C506168228508C0B002F9E3A = {
						CreatedOnToolsVersion = 13.4.1;
						TestTargetID = C506166328508C0A002F9E3A;
					};
				};
			};
			buildConfigurationList = C506165F28508C0A002F9E3A /* Build configuration list for PBXProject "Artikulata" */;
			compatibilityVersion = "Xcode 13.0";
			developmentRegion = en;
			hasScannedForEncodings = 0;
			knownRegions = (
				en,
				Base,
			);
			mainGroup = C506165B28508C0A002F9E3A;
			productRefGroup = C506166528508C0A002F9E3A /* Products */;
			projectDirPath = "";
			projectRoot = "";
			targets = (
				C506166328508C0A002F9E3A /* Artikulata */,
				C506167828508C0B002F9E3A /* ArtikulataTests */,
				C506168228508C0B002F9E3A /* ArtikulataUITests */,
			);
		};
/* End PBXProject section */

/* Begin PBXResourcesBuildPhase section */
		C506166228508C0A002F9E3A /* Resources */ = {
			isa = PBXResourcesBuildPhase;
			buildActionMask = 2147483647;
			files = (
				DCAA1C5A2862D7A200B5482F /* Baju.MOV in Resources */,
				DCAA1C622862D7CC00B5482F /* Makan.MOV in Resources */,
				06799FF22863000900B4FC7E /* Colors.xcassets in Resources */,
				DCAA1C5C2862D7A200B5482F /* Celana.MOV in Resources */,
				A90968A0286845A1002FDCFA /* SekaliLagi.m4a in Resources */,
				A90968B0286AAA0B002FDCFA /* Giliranmu.m4a in Resources */,
				DCAA1C542862D56600B5482F /* Senang.MOV in Resources */,
				DCAA1C5B2862D7A200B5482F /* Bangku.MOV in Resources */,
				A909689E2867366D002FDCFA /* YukCobaLagi.m4a in Resources */,
				C506166F28508C0B002F9E3A /* Preview Assets.xcassets in Resources */,
				DCAA1C5E2862D7B400B5482F /* Minum.MOV in Resources */,
				DCAA1C522862D56000B5482F /* Sedih.MOV in Resources */,
				C506166C28508C0B002F9E3A /* Assets.xcassets in Resources */,
				DCAA1C562862D6A700B5482F /* Marah.MOV in Resources */,
				DCAA1C612862D7CC00B5482F /* Tidur.MOV in Resources */,
				DC7082A32858C8670033B3E9 /* FredokaOne-Regular.ttf in Resources */,
			);
			runOnlyForDeploymentPostprocessing = 0;
		};
		C506167728508C0B002F9E3A /* Resources */ = {
			isa = PBXResourcesBuildPhase;
			buildActionMask = 2147483647;
			files = (
			);
			runOnlyForDeploymentPostprocessing = 0;
		};
		C506168128508C0B002F9E3A /* Resources */ = {
			isa = PBXResourcesBuildPhase;
			buildActionMask = 2147483647;
			files = (
			);
			runOnlyForDeploymentPostprocessing = 0;
		};
/* End PBXResourcesBuildPhase section */

/* Begin PBXSourcesBuildPhase section */
		C506166028508C0A002F9E3A /* Sources */ = {
			isa = PBXSourcesBuildPhase;
			buildActionMask = 2147483647;
			files = (
				C5AF21E8286311BC002AEAA7 /* CompletionView.swift in Sources */,
				C506167128508C0B002F9E3A /* Persistence.swift in Sources */,
				06799FF6286300DF00B4FC7E /* ColorManager.swift in Sources */,
				C5AF21E228630D0F002AEAA7 /* SoundAnalyzerObserver.swift in Sources */,
				C5AF21E028630C00002AEAA7 /* KataKerjaModel.mlmodel in Sources */,
				DCE19437285B916900673946 /* BackButtonView.swift in Sources */,
				DCBB2F322861EDE9002B353D /* VideoSpeechView.swift in Sources */,
				06799FF82863013A00B4FC7E /* ListCategories.swift in Sources */,
				A91D294C2865CCE900C26EF0 /* AudioPlayerObserver.swift in Sources */,
				C506167428508C0B002F9E3A /* Artikulata.xcdatamodeld in Sources */,
				C506166A28508C0A002F9E3A /* ListWordView.swift in Sources */,
				C5AF21DF28630C00002AEAA7 /* KataBendaModel.mlmodel in Sources */,
				C506166828508C0A002F9E3A /* ArtikulataApp.swift in Sources */,
				C5AF21EC28634AD2002AEAA7 /* view-hidden.swift in Sources */,
				C5AF21E628631098002AEAA7 /* VideoStatusObserver.swift in Sources */,
				DC7082A82858EFD30033B3E9 /* WordImageView.swift in Sources */,
				06799FF42863009800B4FC7E /* CategoriesButton.swift in Sources */,
				DC7082A62858ED370033B3E9 /* FontView.swift in Sources */,
				C5AF21EA2863449D002AEAA7 /* Words.swift in Sources */,
				C5AF21D928630B58002AEAA7 /* AudioStreamManager.swift in Sources */,
				C5AF21DE28630C00002AEAA7 /* KataSifatModel.mlmodel in Sources */,
				C5AF21F0286354F9002AEAA7 /* Constant.swift in Sources */,
			);
			runOnlyForDeploymentPostprocessing = 0;
		};
		C506167528508C0B002F9E3A /* Sources */ = {
			isa = PBXSourcesBuildPhase;
			buildActionMask = 2147483647;
			files = (
				C506167E28508C0B002F9E3A /* ArtikulataTests.swift in Sources */,
			);
			runOnlyForDeploymentPostprocessing = 0;
		};
		C506167F28508C0B002F9E3A /* Sources */ = {
			isa = PBXSourcesBuildPhase;
			buildActionMask = 2147483647;
			files = (
				C506168A28508C0B002F9E3A /* ArtikulataUITestsLaunchTests.swift in Sources */,
				C506168828508C0B002F9E3A /* ArtikulataUITests.swift in Sources */,
			);
			runOnlyForDeploymentPostprocessing = 0;
		};
/* End PBXSourcesBuildPhase section */

/* Begin PBXTargetDependency section */
		C506167B28508C0B002F9E3A /* PBXTargetDependency */ = {
			isa = PBXTargetDependency;
			target = C506166328508C0A002F9E3A /* Artikulata */;
			targetProxy = C506167A28508C0B002F9E3A /* PBXContainerItemProxy */;
		};
		C506168528508C0B002F9E3A /* PBXTargetDependency */ = {
			isa = PBXTargetDependency;
			target = C506166328508C0A002F9E3A /* Artikulata */;
			targetProxy = C506168428508C0B002F9E3A /* PBXContainerItemProxy */;
		};
/* End PBXTargetDependency section */

/* Begin XCBuildConfiguration section */
		C506168B28508C0B002F9E3A /* Debug */ = {
			isa = XCBuildConfiguration;
			buildSettings = {
				ALWAYS_SEARCH_USER_PATHS = NO;
				CLANG_ANALYZER_NONNULL = YES;
				CLANG_ANALYZER_NUMBER_OBJECT_CONVERSION = YES_AGGRESSIVE;
				CLANG_CXX_LANGUAGE_STANDARD = "gnu++17";
				CLANG_ENABLE_MODULES = YES;
				CLANG_ENABLE_OBJC_ARC = YES;
				CLANG_ENABLE_OBJC_WEAK = YES;
				CLANG_WARN_BLOCK_CAPTURE_AUTORELEASING = YES;
				CLANG_WARN_BOOL_CONVERSION = YES;
				CLANG_WARN_COMMA = YES;
				CLANG_WARN_CONSTANT_CONVERSION = YES;
				CLANG_WARN_DEPRECATED_OBJC_IMPLEMENTATIONS = YES;
				CLANG_WARN_DIRECT_OBJC_ISA_USAGE = YES_ERROR;
				CLANG_WARN_DOCUMENTATION_COMMENTS = YES;
				CLANG_WARN_EMPTY_BODY = YES;
				CLANG_WARN_ENUM_CONVERSION = YES;
				CLANG_WARN_INFINITE_RECURSION = YES;
				CLANG_WARN_INT_CONVERSION = YES;
				CLANG_WARN_NON_LITERAL_NULL_CONVERSION = YES;
				CLANG_WARN_OBJC_IMPLICIT_RETAIN_SELF = YES;
				CLANG_WARN_OBJC_LITERAL_CONVERSION = YES;
				CLANG_WARN_OBJC_ROOT_CLASS = YES_ERROR;
				CLANG_WARN_QUOTED_INCLUDE_IN_FRAMEWORK_HEADER = YES;
				CLANG_WARN_RANGE_LOOP_ANALYSIS = YES;
				CLANG_WARN_STRICT_PROTOTYPES = YES;
				CLANG_WARN_SUSPICIOUS_MOVE = YES;
				CLANG_WARN_UNGUARDED_AVAILABILITY = YES_AGGRESSIVE;
				CLANG_WARN_UNREACHABLE_CODE = YES;
				CLANG_WARN__DUPLICATE_METHOD_MATCH = YES;
				COPY_PHASE_STRIP = NO;
				DEBUG_INFORMATION_FORMAT = dwarf;
				ENABLE_STRICT_OBJC_MSGSEND = YES;
				ENABLE_TESTABILITY = YES;
				GCC_C_LANGUAGE_STANDARD = gnu11;
				GCC_DYNAMIC_NO_PIC = NO;
				GCC_NO_COMMON_BLOCKS = YES;
				GCC_OPTIMIZATION_LEVEL = 0;
				GCC_PREPROCESSOR_DEFINITIONS = (
					"DEBUG=1",
					"$(inherited)",
				);
				GCC_WARN_64_TO_32_BIT_CONVERSION = YES;
				GCC_WARN_ABOUT_RETURN_TYPE = YES_ERROR;
				GCC_WARN_UNDECLARED_SELECTOR = YES;
				GCC_WARN_UNINITIALIZED_AUTOS = YES_AGGRESSIVE;
				GCC_WARN_UNUSED_FUNCTION = YES;
				GCC_WARN_UNUSED_VARIABLE = YES;
				IPHONEOS_DEPLOYMENT_TARGET = 15.5;
				MTL_ENABLE_DEBUG_INFO = INCLUDE_SOURCE;
				MTL_FAST_MATH = YES;
				ONLY_ACTIVE_ARCH = YES;
				SDKROOT = iphoneos;
				SWIFT_ACTIVE_COMPILATION_CONDITIONS = DEBUG;
				SWIFT_OPTIMIZATION_LEVEL = "-Onone";
			};
			name = Debug;
		};
		C506168C28508C0B002F9E3A /* Release */ = {
			isa = XCBuildConfiguration;
			buildSettings = {
				ALWAYS_SEARCH_USER_PATHS = NO;
				CLANG_ANALYZER_NONNULL = YES;
				CLANG_ANALYZER_NUMBER_OBJECT_CONVERSION = YES_AGGRESSIVE;
				CLANG_CXX_LANGUAGE_STANDARD = "gnu++17";
				CLANG_ENABLE_MODULES = YES;
				CLANG_ENABLE_OBJC_ARC = YES;
				CLANG_ENABLE_OBJC_WEAK = YES;
				CLANG_WARN_BLOCK_CAPTURE_AUTORELEASING = YES;
				CLANG_WARN_BOOL_CONVERSION = YES;
				CLANG_WARN_COMMA = YES;
				CLANG_WARN_CONSTANT_CONVERSION = YES;
				CLANG_WARN_DEPRECATED_OBJC_IMPLEMENTATIONS = YES;
				CLANG_WARN_DIRECT_OBJC_ISA_USAGE = YES_ERROR;
				CLANG_WARN_DOCUMENTATION_COMMENTS = YES;
				CLANG_WARN_EMPTY_BODY = YES;
				CLANG_WARN_ENUM_CONVERSION = YES;
				CLANG_WARN_INFINITE_RECURSION = YES;
				CLANG_WARN_INT_CONVERSION = YES;
				CLANG_WARN_NON_LITERAL_NULL_CONVERSION = YES;
				CLANG_WARN_OBJC_IMPLICIT_RETAIN_SELF = YES;
				CLANG_WARN_OBJC_LITERAL_CONVERSION = YES;
				CLANG_WARN_OBJC_ROOT_CLASS = YES_ERROR;
				CLANG_WARN_QUOTED_INCLUDE_IN_FRAMEWORK_HEADER = YES;
				CLANG_WARN_RANGE_LOOP_ANALYSIS = YES;
				CLANG_WARN_STRICT_PROTOTYPES = YES;
				CLANG_WARN_SUSPICIOUS_MOVE = YES;
				CLANG_WARN_UNGUARDED_AVAILABILITY = YES_AGGRESSIVE;
				CLANG_WARN_UNREACHABLE_CODE = YES;
				CLANG_WARN__DUPLICATE_METHOD_MATCH = YES;
				COPY_PHASE_STRIP = NO;
				DEBUG_INFORMATION_FORMAT = "dwarf-with-dsym";
				ENABLE_NS_ASSERTIONS = NO;
				ENABLE_STRICT_OBJC_MSGSEND = YES;
				GCC_C_LANGUAGE_STANDARD = gnu11;
				GCC_NO_COMMON_BLOCKS = YES;
				GCC_WARN_64_TO_32_BIT_CONVERSION = YES;
				GCC_WARN_ABOUT_RETURN_TYPE = YES_ERROR;
				GCC_WARN_UNDECLARED_SELECTOR = YES;
				GCC_WARN_UNINITIALIZED_AUTOS = YES_AGGRESSIVE;
				GCC_WARN_UNUSED_FUNCTION = YES;
				GCC_WARN_UNUSED_VARIABLE = YES;
				IPHONEOS_DEPLOYMENT_TARGET = 15.5;
				MTL_ENABLE_DEBUG_INFO = NO;
				MTL_FAST_MATH = YES;
				SDKROOT = iphoneos;
				SWIFT_COMPILATION_MODE = wholemodule;
				SWIFT_OPTIMIZATION_LEVEL = "-O";
				VALIDATE_PRODUCT = YES;
			};
			name = Release;
		};
		C506168E28508C0B002F9E3A /* Debug */ = {
			isa = XCBuildConfiguration;
			buildSettings = {
				ASSETCATALOG_COMPILER_APPICON_NAME = AppIcon;
				ASSETCATALOG_COMPILER_GLOBAL_ACCENT_COLOR_NAME = AccentColor;
				CODE_SIGN_STYLE = Automatic;
				CURRENT_PROJECT_VERSION = 1;
				DEVELOPMENT_ASSET_PATHS = "\"Artikulata/Preview Content\"";
				DEVELOPMENT_TEAM = L2V23RWBGR;
				ENABLE_PREVIEWS = YES;
				GENERATE_INFOPLIST_FILE = YES;
				INFOPLIST_FILE = Artikulata/Info.plist;
				INFOPLIST_KEY_UIApplicationSceneManifest_Generation = YES;
				INFOPLIST_KEY_UIApplicationSupportsIndirectInputEvents = YES;
				INFOPLIST_KEY_UILaunchScreen_Generation = YES;
				INFOPLIST_KEY_UISupportedInterfaceOrientations_iPad = "UIInterfaceOrientationPortrait UIInterfaceOrientationPortraitUpsideDown UIInterfaceOrientationLandscapeLeft UIInterfaceOrientationLandscapeRight";
				INFOPLIST_KEY_UISupportedInterfaceOrientations_iPhone = "UIInterfaceOrientationLandscapeLeft UIInterfaceOrientationLandscapeRight";
				LD_RUNPATH_SEARCH_PATHS = (
					"$(inherited)",
					"@executable_path/Frameworks",
				);
				MARKETING_VERSION = 1.0;
				PRODUCT_BUNDLE_IDENTIFIER = com.MC2.Artikulata;
				PRODUCT_NAME = "$(TARGET_NAME)";
				SWIFT_EMIT_LOC_STRINGS = YES;
				SWIFT_VERSION = 5.0;
				TARGETED_DEVICE_FAMILY = "1,2";
			};
			name = Debug;
		};
		C506168F28508C0B002F9E3A /* Release */ = {
			isa = XCBuildConfiguration;
			buildSettings = {
				ASSETCATALOG_COMPILER_APPICON_NAME = AppIcon;
				ASSETCATALOG_COMPILER_GLOBAL_ACCENT_COLOR_NAME = AccentColor;
				CODE_SIGN_STYLE = Automatic;
				CURRENT_PROJECT_VERSION = 1;
				DEVELOPMENT_ASSET_PATHS = "\"Artikulata/Preview Content\"";
				DEVELOPMENT_TEAM = L2V23RWBGR;
				ENABLE_PREVIEWS = YES;
				GENERATE_INFOPLIST_FILE = YES;
				INFOPLIST_FILE = Artikulata/Info.plist;
				INFOPLIST_KEY_UIApplicationSceneManifest_Generation = YES;
				INFOPLIST_KEY_UIApplicationSupportsIndirectInputEvents = YES;
				INFOPLIST_KEY_UILaunchScreen_Generation = YES;
				INFOPLIST_KEY_UISupportedInterfaceOrientations_iPad = "UIInterfaceOrientationPortrait UIInterfaceOrientationPortraitUpsideDown UIInterfaceOrientationLandscapeLeft UIInterfaceOrientationLandscapeRight";
				INFOPLIST_KEY_UISupportedInterfaceOrientations_iPhone = "UIInterfaceOrientationLandscapeLeft UIInterfaceOrientationLandscapeRight";
				LD_RUNPATH_SEARCH_PATHS = (
					"$(inherited)",
					"@executable_path/Frameworks",
				);
				MARKETING_VERSION = 1.0;
				PRODUCT_BUNDLE_IDENTIFIER = com.MC2.Artikulata;
				PRODUCT_NAME = "$(TARGET_NAME)";
				SWIFT_EMIT_LOC_STRINGS = YES;
				SWIFT_VERSION = 5.0;
				TARGETED_DEVICE_FAMILY = "1,2";
			};
			name = Release;
		};
		C506169128508C0B002F9E3A /* Debug */ = {
			isa = XCBuildConfiguration;
			buildSettings = {
				ALWAYS_EMBED_SWIFT_STANDARD_LIBRARIES = YES;
				BUNDLE_LOADER = "$(TEST_HOST)";
				CODE_SIGN_STYLE = Automatic;
				CURRENT_PROJECT_VERSION = 1;
				DEVELOPMENT_TEAM = L2V23RWBGR;
				GENERATE_INFOPLIST_FILE = YES;
				IPHONEOS_DEPLOYMENT_TARGET = 15.5;
				MARKETING_VERSION = 1.0;
				PRODUCT_BUNDLE_IDENTIFIER = com.MC2.ArtikulataTests;
				PRODUCT_NAME = "$(TARGET_NAME)";
				SWIFT_EMIT_LOC_STRINGS = NO;
				SWIFT_VERSION = 5.0;
				TARGETED_DEVICE_FAMILY = "1,2";
				TEST_HOST = "$(BUILT_PRODUCTS_DIR)/Artikulata.app/Artikulata";
			};
			name = Debug;
		};
		C506169228508C0B002F9E3A /* Release */ = {
			isa = XCBuildConfiguration;
			buildSettings = {
				ALWAYS_EMBED_SWIFT_STANDARD_LIBRARIES = YES;
				BUNDLE_LOADER = "$(TEST_HOST)";
				CODE_SIGN_STYLE = Automatic;
				CURRENT_PROJECT_VERSION = 1;
				DEVELOPMENT_TEAM = L2V23RWBGR;
				GENERATE_INFOPLIST_FILE = YES;
				IPHONEOS_DEPLOYMENT_TARGET = 15.5;
				MARKETING_VERSION = 1.0;
				PRODUCT_BUNDLE_IDENTIFIER = com.MC2.ArtikulataTests;
				PRODUCT_NAME = "$(TARGET_NAME)";
				SWIFT_EMIT_LOC_STRINGS = NO;
				SWIFT_VERSION = 5.0;
				TARGETED_DEVICE_FAMILY = "1,2";
				TEST_HOST = "$(BUILT_PRODUCTS_DIR)/Artikulata.app/Artikulata";
			};
			name = Release;
		};
		C506169428508C0B002F9E3A /* Debug */ = {
			isa = XCBuildConfiguration;
			buildSettings = {
				ALWAYS_EMBED_SWIFT_STANDARD_LIBRARIES = YES;
				CODE_SIGN_STYLE = Automatic;
				CURRENT_PROJECT_VERSION = 1;
				DEVELOPMENT_TEAM = L2V23RWBGR;
				GENERATE_INFOPLIST_FILE = YES;
				MARKETING_VERSION = 1.0;
				PRODUCT_BUNDLE_IDENTIFIER = com.MC2.ArtikulataUITests;
				PRODUCT_NAME = "$(TARGET_NAME)";
				SWIFT_EMIT_LOC_STRINGS = NO;
				SWIFT_VERSION = 5.0;
				TARGETED_DEVICE_FAMILY = "1,2";
				TEST_TARGET_NAME = Artikulata;
			};
			name = Debug;
		};
		C506169528508C0B002F9E3A /* Release */ = {
			isa = XCBuildConfiguration;
			buildSettings = {
				ALWAYS_EMBED_SWIFT_STANDARD_LIBRARIES = YES;
				CODE_SIGN_STYLE = Automatic;
				CURRENT_PROJECT_VERSION = 1;
				DEVELOPMENT_TEAM = L2V23RWBGR;
				GENERATE_INFOPLIST_FILE = YES;
				MARKETING_VERSION = 1.0;
				PRODUCT_BUNDLE_IDENTIFIER = com.MC2.ArtikulataUITests;
				PRODUCT_NAME = "$(TARGET_NAME)";
				SWIFT_EMIT_LOC_STRINGS = NO;
				SWIFT_VERSION = 5.0;
				TARGETED_DEVICE_FAMILY = "1,2";
				TEST_TARGET_NAME = Artikulata;
			};
			name = Release;
		};
/* End XCBuildConfiguration section */

/* Begin XCConfigurationList section */
		C506165F28508C0A002F9E3A /* Build configuration list for PBXProject "Artikulata" */ = {
			isa = XCConfigurationList;
			buildConfigurations = (
				C506168B28508C0B002F9E3A /* Debug */,
				C506168C28508C0B002F9E3A /* Release */,
			);
			defaultConfigurationIsVisible = 0;
			defaultConfigurationName = Release;
		};
		C506168D28508C0B002F9E3A /* Build configuration list for PBXNativeTarget "Artikulata" */ = {
			isa = XCConfigurationList;
			buildConfigurations = (
				C506168E28508C0B002F9E3A /* Debug */,
				C506168F28508C0B002F9E3A /* Release */,
			);
			defaultConfigurationIsVisible = 0;
			defaultConfigurationName = Release;
		};
		C506169028508C0B002F9E3A /* Build configuration list for PBXNativeTarget "ArtikulataTests" */ = {
			isa = XCConfigurationList;
			buildConfigurations = (
				C506169128508C0B002F9E3A /* Debug */,
				C506169228508C0B002F9E3A /* Release */,
			);
			defaultConfigurationIsVisible = 0;
			defaultConfigurationName = Release;
		};
		C506169328508C0B002F9E3A /* Build configuration list for PBXNativeTarget "ArtikulataUITests" */ = {
			isa = XCConfigurationList;
			buildConfigurations = (
				C506169428508C0B002F9E3A /* Debug */,
				C506169528508C0B002F9E3A /* Release */,
			);
			defaultConfigurationIsVisible = 0;
			defaultConfigurationName = Release;
		};
/* End XCConfigurationList section */

/* Begin XCVersionGroup section */
		C506167228508C0B002F9E3A /* Artikulata.xcdatamodeld */ = {
			isa = XCVersionGroup;
			children = (
				C506167328508C0B002F9E3A /* Artikulata.xcdatamodel */,
			);
			currentVersion = C506167328508C0B002F9E3A /* Artikulata.xcdatamodel */;
			path = Artikulata.xcdatamodeld;
			sourceTree = "<group>";
			versionGroupType = wrapper.xcdatamodel;
		};
/* End XCVersionGroup section */
	};
	rootObject = C506165C28508C0A002F9E3A /* Project object */;
}
